// !$*UTF8*$!
{
	archiveVersion = 1;
	classes = {
	};
	objectVersion = 46;
	objects = {

/* Begin PBXBuildFile section */
		2659A4AF1E6FDB0800500E9B /* main.m in Sources */ = {isa = PBXBuildFile; fileRef = 2659A4AE1E6FDB0800500E9B /* main.m */; };
		2659A4B21E6FDB0800500E9B /* AppDelegate.m in Sources */ = {isa = PBXBuildFile; fileRef = 2659A4B11E6FDB0800500E9B /* AppDelegate.m */; };
		2659A4B51E6FDB0800500E9B /* ViewController.m in Sources */ = {isa = PBXBuildFile; fileRef = 2659A4B41E6FDB0800500E9B /* ViewController.m */; };
		2659A4B81E6FDB0800500E9B /* Main.storyboard in Resources */ = {isa = PBXBuildFile; fileRef = 2659A4B61E6FDB0800500E9B /* Main.storyboard */; };
		2659A4BA1E6FDB0800500E9B /* Assets.xcassets in Resources */ = {isa = PBXBuildFile; fileRef = 2659A4B91E6FDB0800500E9B /* Assets.xcassets */; };
		2659A4BD1E6FDB0800500E9B /* LaunchScreen.storyboard in Resources */ = {isa = PBXBuildFile; fileRef = 2659A4BB1E6FDB0800500E9B /* LaunchScreen.storyboard */; };
		2659A4C81E6FDB0800500E9B /* SlideChangeColorUITests.m in Sources */ = {isa = PBXBuildFile; fileRef = 2659A4C71E6FDB0800500E9B /* SlideChangeColorUITests.m */; };
		2659A4D41E6FDB1900500E9B /* ChangeColorView.m in Sources */ = {isa = PBXBuildFile; fileRef = 2659A4D31E6FDB1900500E9B /* ChangeColorView.m */; };
/* End PBXBuildFile section */

/* Begin PBXContainerItemProxy section */
		2659A4C41E6FDB0800500E9B /* PBXContainerItemProxy */ = {
			isa = PBXContainerItemProxy;
			containerPortal = 2659A4A21E6FDB0800500E9B /* Project object */;
			proxyType = 1;
			remoteGlobalIDString = 2659A4A91E6FDB0800500E9B;
			remoteInfo = SlideChangeColor;
		};
/* End PBXContainerItemProxy section */

/* Begin PBXFileReference section */
		2659A4AA1E6FDB0800500E9B /* SlideChangeColor.app */ = {isa = PBXFileReference; explicitFileType = wrapper.application; includeInIndex = 0; path = SlideChangeColor.app; sourceTree = BUILT_PRODUCTS_DIR; };
		2659A4AE1E6FDB0800500E9B /* main.m */ = {isa = PBXFileReference; lastKnownFileType = sourcecode.c.objc; path = main.m; sourceTree = "<group>"; };
		2659A4B01E6FDB0800500E9B /* AppDelegate.h */ = {isa = PBXFileReference; lastKnownFileType = sourcecode.c.h; path = AppDelegate.h; sourceTree = "<group>"; };
		2659A4B11E6FDB0800500E9B /* AppDelegate.m */ = {isa = PBXFileReference; lastKnownFileType = sourcecode.c.objc; path = AppDelegate.m; sourceTree = "<group>"; };
		2659A4B31E6FDB0800500E9B /* ViewController.h */ = {isa = PBXFileReference; lastKnownFileType = sourcecode.c.h; path = ViewController.h; sourceTree = "<group>"; };
		2659A4B41E6FDB0800500E9B /* ViewController.m */ = {isa = PBXFileReference; lastKnownFileType = sourcecode.c.objc; path = ViewController.m; sourceTree = "<group>"; };
		2659A4B71E6FDB0800500E9B /* Base */ = {isa = PBXFileReference; lastKnownFileType = file.storyboard; name = Base; path = Base.lproj/Main.storyboard; sourceTree = "<group>"; };
		2659A4B91E6FDB0800500E9B /* Assets.xcassets */ = {isa = PBXFileReference; lastKnownFileType = folder.assetcatalog; path = Assets.xcassets; sourceTree = "<group>"; };
		2659A4BC1E6FDB0800500E9B /* Base */ = {isa = PBXFileReference; lastKnownFileType = file.storyboard; name = Base; path = Base.lproj/LaunchScreen.storyboard; sourceTree = "<group>"; };
		2659A4BE1E6FDB0800500E9B /* Info.plist */ = {isa = PBXFileReference; lastKnownFileType = text.plist.xml; path = Info.plist; sourceTree = "<group>"; };
		2659A4C31E6FDB0800500E9B /* SlideChangeColorUITests.xctest */ = {isa = PBXFileReference; explicitFileType = wrapper.cfbundle; includeInIndex = 0; path = SlideChangeColorUITests.xctest; sourceTree = BUILT_PRODUCTS_DIR; };
		2659A4C71E6FDB0800500E9B /* SlideChangeColorUITests.m */ = {isa = PBXFileReference; lastKnownFileType = sourcecode.c.objc; path = SlideChangeColorUITests.m; sourceTree = "<group>"; };
		2659A4C91E6FDB0800500E9B /* Info.plist */ = {isa = PBXFileReference; lastKnownFileType = text.plist.xml; path = Info.plist; sourceTree = "<group>"; };
		2659A4D21E6FDB1900500E9B /* ChangeColorView.h */ = {isa = PBXFileReference; fileEncoding = 4; lastKnownFileType = sourcecode.c.h; path = ChangeColorView.h; sourceTree = "<group>"; };
		2659A4D31E6FDB1900500E9B /* ChangeColorView.m */ = {isa = PBXFileReference; fileEncoding = 4; lastKnownFileType = sourcecode.c.objc; path = ChangeColorView.m; sourceTree = "<group>"; };
/* End PBXFileReference section */

/* Begin PBXFrameworksBuildPhase section */
		2659A4A71E6FDB0800500E9B /* Frameworks */ = {
			isa = PBXFrameworksBuildPhase;
			buildActionMask = 2147483647;
			files = (
			);
			runOnlyForDeploymentPostprocessing = 0;
		};
		2659A4C01E6FDB0800500E9B /* Frameworks */ = {
			isa = PBXFrameworksBuildPhase;
			buildActionMask = 2147483647;
			files = (
			);
			runOnlyForDeploymentPostprocessing = 0;
		};
/* End PBXFrameworksBuildPhase section */

/* Begin PBXGroup section */
		2659A4A11E6FDB0800500E9B = {
			isa = PBXGroup;
			children = (
				2659A4AC1E6FDB0800500E9B /* SlideChangeColor */,
				2659A4C61E6FDB0800500E9B /* SlideChangeColorUITests */,
				2659A4AB1E6FDB0800500E9B /* Products */,
			);
			sourceTree = "<group>";
		};
		2659A4AB1E6FDB0800500E9B /* Products */ = {
			isa = PBXGroup;
			children = (
				2659A4AA1E6FDB0800500E9B /* SlideChangeColor.app */,
				2659A4C31E6FDB0800500E9B /* SlideChangeColorUITests.xctest */,
			);
			name = Products;
			sourceTree = "<group>";
		};
		2659A4AC1E6FDB0800500E9B /* SlideChangeColor */ = {
			isa = PBXGroup;
			children = (
				2659A4B01E6FDB0800500E9B /* AppDelegate.h */,
				2659A4B11E6FDB0800500E9B /* AppDelegate.m */,
				2659A4B31E6FDB0800500E9B /* ViewController.h */,
				2659A4B41E6FDB0800500E9B /* ViewController.m */,
				2659A4D21E6FDB1900500E9B /* ChangeColorView.h */,
				2659A4D31E6FDB1900500E9B /* ChangeColorView.m */,
				2659A4B61E6FDB0800500E9B /* Main.storyboard */,
				2659A4B91E6FDB0800500E9B /* Assets.xcassets */,
				2659A4BB1E6FDB0800500E9B /* LaunchScreen.storyboard */,
				2659A4BE1E6FDB0800500E9B /* Info.plist */,
				2659A4AD1E6FDB0800500E9B /* Supporting Files */,
			);
			path = SlideChangeColor;
			sourceTree = "<group>";
		};
		2659A4AD1E6FDB0800500E9B /* Supporting Files */ = {
			isa = PBXGroup;
			children = (
				2659A4AE1E6FDB0800500E9B /* main.m */,
			);
			name = "Supporting Files";
			sourceTree = "<group>";
		};
		2659A4C61E6FDB0800500E9B /* SlideChangeColorUITests */ = {
			isa = PBXGroup;
			children = (
				2659A4C71E6FDB0800500E9B /* SlideChangeColorUITests.m */,
				2659A4C91E6FDB0800500E9B /* Info.plist */,
			);
			path = SlideChangeColorUITests;
			sourceTree = "<group>";
		};
/* End PBXGroup section */

/* Begin PBXNativeTarget section */
		2659A4A91E6FDB0800500E9B /* SlideChangeColor */ = {
			isa = PBXNativeTarget;
			buildConfigurationList = 2659A4CC1E6FDB0800500E9B /* Build configuration list for PBXNativeTarget "SlideChangeColor" */;
			buildPhases = (
				2659A4A61E6FDB0800500E9B /* Sources */,
				2659A4A71E6FDB0800500E9B /* Frameworks */,
				2659A4A81E6FDB0800500E9B /* Resources */,
			);
			buildRules = (
			);
			dependencies = (
			);
			name = SlideChangeColor;
			productName = SlideChangeColor;
			productReference = 2659A4AA1E6FDB0800500E9B /* SlideChangeColor.app */;
			productType = "com.apple.product-type.application";
		};
		2659A4C21E6FDB0800500E9B /* SlideChangeColorUITests */ = {
			isa = PBXNativeTarget;
			buildConfigurationList = 2659A4CF1E6FDB0800500E9B /* Build configuration list for PBXNativeTarget "SlideChangeColorUITests" */;
			buildPhases = (
				2659A4BF1E6FDB0800500E9B /* Sources */,
				2659A4C01E6FDB0800500E9B /* Frameworks */,
				2659A4C11E6FDB0800500E9B /* Resources */,
			);
			buildRules = (
			);
			dependencies = (
				2659A4C51E6FDB0800500E9B /* PBXTargetDependency */,
			);
			name = SlideChangeColorUITests;
			productName = SlideChangeColorUITests;
			productReference = 2659A4C31E6FDB0800500E9B /* SlideChangeColorUITests.xctest */;
			productType = "com.apple.product-type.bundle.ui-testing";
		};
/* End PBXNativeTarget section */

/* Begin PBXProject section */
		2659A4A21E6FDB0800500E9B /* Project object */ = {
			isa = PBXProject;
			attributes = {
				LastUpgradeCheck = 0820;
				ORGANIZATIONNAME = zcs_yang;
				TargetAttributes = {
					2659A4A91E6FDB0800500E9B = {
						CreatedOnToolsVersion = 8.2.1;
						DevelopmentTeam = CAWFZ7636J;
						ProvisioningStyle = Automatic;
					};
					2659A4C21E6FDB0800500E9B = {
						CreatedOnToolsVersion = 8.2.1;
						DevelopmentTeam = CAWFZ7636J;
						ProvisioningStyle = Automatic;
						TestTargetID = 2659A4A91E6FDB0800500E9B;
					};
				};
			};
			buildConfigurationList = 2659A4A51E6FDB0800500E9B /* Build configuration list for PBXProject "SlideChangeColor" */;
			compatibilityVersion = "Xcode 3.2";
			developmentRegion = English;
			hasScannedForEncodings = 0;
			knownRegions = (
				en,
				Base,
			);
			mainGroup = 2659A4A11E6FDB0800500E9B;
			productRefGroup = 2659A4AB1E6FDB0800500E9B /* Products */;
			projectDirPath = "";
			projectRoot = "";
			targets = (
				2659A4A91E6FDB0800500E9B /* SlideChangeColor */,
				2659A4C21E6FDB0800500E9B /* SlideChangeColorUITests */,
			);
		};
/* End PBXProject section */

/* Begin PBXResourcesBuildPhase section */
		2659A4A81E6FDB0800500E9B /* Resources */ = {
			isa = PBXResourcesBuildPhase;
			buildActionMask = 2147483647;
			files = (
				2659A4BD1E6FDB0800500E9B /* LaunchScreen.storyboard in Resources */,
				2659A4BA1E6FDB0800500E9B /* Assets.xcassets in Resources */,
				2659A4B81E6FDB0800500E9B /* Main.storyboard in Resources */,
			);
			runOnlyForDeploymentPostprocessing = 0;
		};
		2659A4C11E6FDB0800500E9B /* Resources */ = {
			isa = PBXResourcesBuildPhase;
			buildActionMask = 2147483647;
			files = (
			);
			runOnlyForDeploymentPostprocessing = 0;
		};
/* End PBXResourcesBuildPhase section */

/* Begin PBXSourcesBuildPhase section */
		2659A4A61E6FDB0800500E9B /* Sources */ = {
			isa = PBXSourcesBuildPhase;
			buildActionMask = 2147483647;
			files = (
				2659A4D41E6FDB1900500E9B /* ChangeColorView.m in Sources */,
				2659A4B51E6FDB0800500E9B /* ViewController.m in Sources */,
				2659A4B21E6FDB0800500E9B /* AppDelegate.m in Sources */,
				2659A4AF1E6FDB0800500E9B /* main.m in Sources */,
			);
			runOnlyForDeploymentPostprocessing = 0;
		};
		2659A4BF1E6FDB0800500E9B /* Sources */ = {
			isa = PBXSourcesBuildPhase;
			buildActionMask = 2147483647;
			files = (
				2659A4C81E6FDB0800500E9B /* SlideChangeColorUITests.m in Sources */,
			);
			runOnlyForDeploymentPostprocessing = 0;
		};
/* End PBXSourcesBuildPhase section */

/* Begin PBXTargetDependency section */
		2659A4C51E6FDB0800500E9B /* PBXTargetDependency */ = {
			isa = PBXTargetDependency;
			target = 2659A4A91E6FDB0800500E9B /* SlideChangeColor */;
			targetProxy = 2659A4C41E6FDB0800500E9B /* PBXContainerItemProxy */;
		};
/* End PBXTargetDependency section */

/* Begin PBXVariantGroup section */
		2659A4B61E6FDB0800500E9B /* Main.storyboard */ = {
			isa = PBXVariantGroup;
			children = (
				2659A4B71E6FDB0800500E9B /* Base */,
			);
			name = Main.storyboard;
			sourceTree = "<group>";
		};
		2659A4BB1E6FDB0800500E9B /* LaunchScreen.storyboard */ = {
			isa = PBXVariantGroup;
			children = (
				2659A4BC1E6FDB0800500E9B /* Base */,
			);
			name = LaunchScreen.storyboard;
			sourceTree = "<group>";
		};
/* End PBXVariantGroup section */

/* Begin XCBuildConfiguration section */
		2659A4CA1E6FDB0800500E9B /* Debug */ = {
			isa = XCBuildConfiguration;
			buildSettings = {
				ALWAYS_SEARCH_USER_PATHS = NO;
				CLANG_ANALYZER_NONNULL = YES;
				CLANG_CXX_LANGUAGE_STANDARD = "gnu++0x";
				CLANG_CXX_LIBRARY = "libc++";
				CLANG_ENABLE_MODULES = YES;
				CLANG_ENABLE_OBJC_ARC = YES;
				CLANG_WARN_BOOL_CONVERSION = YES;
				CLANG_WARN_CONSTANT_CONVERSION = YES;
				CLANG_WARN_DIRECT_OBJC_ISA_USAGE = YES_ERROR;
				CLANG_WARN_DOCUMENTATION_COMMENTS = YES;
				CLANG_WARN_EMPTY_BODY = YES;
				CLANG_WARN_ENUM_CONVERSION = YES;
				CLANG_WARN_INFINITE_RECURSION = YES;
				CLANG_WARN_INT_CONVERSION = YES;
				CLANG_WARN_OBJC_ROOT_CLASS = YES_ERROR;
				CLANG_WARN_SUSPICIOUS_MOVE = YES;
				CLANG_WARN_UNREACHABLE_CODE = YES;
				CLANG_WARN__DUPLICATE_METHOD_MATCH = YES;
				"CODE_SIGN_IDENTITY[sdk=iphoneos*]" = "iPhone Developer";
				COPY_PHASE_STRIP = NO;
				DEBUG_INFORMATION_FORMAT = dwarf;
				ENABLE_STRICT_OBJC_MSGSEND = YES;
				ENABLE_TESTABILITY = YES;
				GCC_C_LANGUAGE_STANDARD = gnu99;
				GCC_DYNAMIC_NO_PIC = NO;
				GCC_NO_COMMON_BLOCKS = YES;
				GCC_OPTIMIZATION_LEVEL = 0;
				GCC_PREPROCESSOR_DEFINITIONS = (
					"DEBUG=1",
					"$(inherited)",
				);
				GCC_WARN_64_TO_32_BIT_CONVERSION = YES;
				GCC_WARN_ABOUT_RETURN_TYPE = YES_ERROR;
				GCC_WARN_UNDECLARED_SELECTOR = YES;
				GCC_WARN_UNINITIALIZED_AUTOS = YES_AGGRESSIVE;
				GCC_WARN_UNUSED_FUNCTION = YES;
				GCC_WARN_UNUSED_VARIABLE = YES;
				IPHONEOS_DEPLOYMENT_TARGET = 10.2;
				MTL_ENABLE_DEBUG_INFO = YES;
				ONLY_ACTIVE_ARCH = YES;
				SDKROOT = iphoneos;
			};
			name = Debug;
		};
		2659A4CB1E6FDB0800500E9B /* Release */ = {
			isa = XCBuildConfiguration;
			buildSettings = {
				ALWAYS_SEARCH_USER_PATHS = NO;
				CLANG_ANALYZER_NONNULL = YES;
				CLANG_CXX_LANGUAGE_STANDARD = "gnu++0x";
				CLANG_CXX_LIBRARY = "libc++";
				CLANG_ENABLE_MODULES = YES;
				CLANG_ENABLE_OBJC_ARC = YES;
				CLANG_WARN_BOOL_CONVERSION = YES;
				CLANG_WARN_CONSTANT_CONVERSION = YES;
				CLANG_WARN_DIRECT_OBJC_ISA_USAGE = YES_ERROR;
				CLANG_WARN_DOCUMENTATION_COMMENTS = YES;
				CLANG_WARN_EMPTY_BODY = YES;
				CLANG_WARN_ENUM_CONVERSION = YES;
				CLANG_WARN_INFINITE_RECURSION = YES;
				CLANG_WARN_INT_CONVERSION = YES;
				CLANG_WARN_OBJC_ROOT_CLASS = YES_ERROR;
				CLANG_WARN_SUSPICIOUS_MOVE = YES;
				CLANG_WARN_UNREACHABLE_CODE = YES;
				CLANG_WARN__DUPLICATE_METHOD_MATCH = YES;
				"CODE_SIGN_IDENTITY[sdk=iphoneos*]" = "iPhone Developer";
				COPY_PHASE_STRIP = NO;
				DEBUG_INFORMATION_FORMAT = "dwarf-with-dsym";
				ENABLE_NS_ASSERTIONS = NO;
				ENABLE_STRICT_OBJC_MSGSEND = YES;
				GCC_C_LANGUAGE_STANDARD = gnu99;
				GCC_NO_COMMON_BLOCKS = YES;
				GCC_WARN_64_TO_32_BIT_CONVERSION = YES;
				GCC_WARN_ABOUT_RETURN_TYPE = YES_ERROR;
				GCC_WARN_UNDECLARED_SELECTOR = YES;
				GCC_WARN_UNINITIALIZED_AUTOS = YES_AGGRESSIVE;
				GCC_WARN_UNUSED_FUNCTION = YES;
				GCC_WARN_UNUSED_VARIABLE = YES;
				IPHONEOS_DEPLOYMENT_TARGET = 10.2;
				MTL_ENABLE_DEBUG_INFO = NO;
				SDKROOT = iphoneos;
				VALIDATE_PRODUCT = YES;
			};
			name = Release;
		};
		2659A4CD1E6FDB0800500E9B /* Debug */ = {
			isa = XCBuildConfiguration;
			buildSettings = {
				ASSETCATALOG_COMPILER_APPICON_NAME = AppIcon;
				DEVELOPMENT_TEAM = CAWFZ7636J;
				INFOPLIST_FILE = SlideChangeColor/Info.plist;
				LD_RUNPATH_SEARCH_PATHS = "$(inherited) @executable_path/Frameworks";
				PRODUCT_BUNDLE_IDENTIFIER = zsc.SlideChangeColor;
				PRODUCT_NAME = "$(TARGET_NAME)";
			};
			name = Debug;
		};
		2659A4CE1E6FDB0800500E9B /* Release */ = {
			isa = XCBuildConfiguration;
			buildSettings = {
				ASSETCATALOG_COMPILER_APPICON_NAME = AppIcon;
				DEVELOPMENT_TEAM = CAWFZ7636J;
				INFOPLIST_FILE = SlideChangeColor/Info.plist;
				LD_RUNPATH_SEARCH_PATHS = "$(inherited) @executable_path/Frameworks";
				PRODUCT_BUNDLE_IDENTIFIER = zsc.SlideChangeColor;
				PRODUCT_NAME = "$(TARGET_NAME)";
			};
			name = Release;
		};
		2659A4D01E6FDB0800500E9B /* Debug */ = {
			isa = XCBuildConfiguration;
			buildSettings = {
				DEVELOPMENT_TEAM = CAWFZ7636J;
				INFOPLIST_FILE = SlideChangeColorUITests/Info.plist;
				LD_RUNPATH_SEARCH_PATHS = "$(inherited) @executable_path/Frameworks @loader_path/Frameworks";
				PRODUCT_BUNDLE_IDENTIFIER = zsc.SlideChangeColorUITests;
				PRODUCT_NAME = "$(TARGET_NAME)";
				TEST_TARGET_NAME = SlideChangeColor;
			};
			name = Debug;
		};
		2659A4D11E6FDB0800500E9B /* Release */ = {
			isa = XCBuildConfiguration;
			buildSettings = {
				DEVELOPMENT_TEAM = CAWFZ7636J;
				INFOPLIST_FILE = SlideChangeColorUITests/Info.plist;
				LD_RUNPATH_SEARCH_PATHS = "$(inherited) @executable_path/Frameworks @loader_path/Frameworks";
				PRODUCT_BUNDLE_IDENTIFIER = zsc.SlideChangeColorUITests;
				PRODUCT_NAME = "$(TARGET_NAME)";
				TEST_TARGET_NAME = SlideChangeColor;
			};
			name = Release;
		};
/* End XCBuildConfiguration section */

/* Begin XCConfigurationList section */
		2659A4A51E6FDB0800500E9B /* Build configuration list for PBXProject "SlideChangeColor" */ = {
			isa = XCConfigurationList;
			buildConfigurations = (
				2659A4CA1E6FDB0800500E9B /* Debug */,
				2659A4CB1E6FDB0800500E9B /* Release */,
			);
			defaultConfigurationIsVisible = 0;
			defaultConfigurationName = Release;
		};
		2659A4CC1E6FDB0800500E9B /* Build configuration list for PBXNativeTarget "SlideChangeColor" */ = {
			isa = XCConfigurationList;
			buildConfigurations = (
				2659A4CD1E6FDB0800500E9B /* Debug */,
				2659A4CE1E6FDB0800500E9B /* Release */,
			);
			defaultConfigurationIsVisible = 0;
		};
		2659A4CF1E6FDB0800500E9B /* Build configuration list for PBXNativeTarget "SlideChangeColorUITests" */ = {
			isa = XCConfigurationList;
			buildConfigurations = (
				2659A4D01E6FDB0800500E9B /* Debug */,
				2659A4D11E6FDB0800500E9B /* Release */,
			);
			defaultConfigurationIsVisible = 0;
		};
/* End XCConfigurationList section */
	};
	rootObject = 2659A4A21E6FDB0800500E9B /* Project object */;
}
